// !$*UTF8*$!
{
	archiveVersion = 1;
	classes = {
	};
	objectVersion = 50;
	objects = {

/* Begin PBXBuildFile section */
		6AACB5E9263885E7009A7D42 /* AppDelegate.swift in Sources */ = {isa = PBXBuildFile; fileRef = 6AACB5E8263885E7009A7D42 /* AppDelegate.swift */; };
		6AACB5EB263885E7009A7D42 /* SceneDelegate.swift in Sources */ = {isa = PBXBuildFile; fileRef = 6AACB5EA263885E7009A7D42 /* SceneDelegate.swift */; };
		6AACB5ED263885E7009A7D42 /* ViewController.swift in Sources */ = {isa = PBXBuildFile; fileRef = 6AACB5EC263885E7009A7D42 /* ViewController.swift */; };
		6AACB5F0263885E7009A7D42 /* Main.storyboard in Resources */ = {isa = PBXBuildFile; fileRef = 6AACB5EE263885E7009A7D42 /* Main.storyboard */; };
		6AACB5F2263885E9009A7D42 /* Assets.xcassets in Resources */ = {isa = PBXBuildFile; fileRef = 6AACB5F1263885E9009A7D42 /* Assets.xcassets */; };
		6AACB5F5263885E9009A7D42 /* LaunchScreen.storyboard in Resources */ = {isa = PBXBuildFile; fileRef = 6AACB5F3263885E9009A7D42 /* LaunchScreen.storyboard */; };
		6AACB600263885EA009A7D42 /* CIrlceCIPOCTests.swift in Sources */ = {isa = PBXBuildFile; fileRef = 6AACB5FF263885EA009A7D42 /* CIrlceCIPOCTests.swift */; };
		6AACB60B263885EA009A7D42 /* CIrlceCIPOCUITests.swift in Sources */ = {isa = PBXBuildFile; fileRef = 6AACB60A263885EA009A7D42 /* CIrlceCIPOCUITests.swift */; };
/* End PBXBuildFile section */

/* Begin PBXContainerItemProxy section */
		6AACB5FC263885EA009A7D42 /* PBXContainerItemProxy */ = {
			isa = PBXContainerItemProxy;
			containerPortal = 6AACB5DD263885E7009A7D42 /* Project object */;
			proxyType = 1;
			remoteGlobalIDString = 6AACB5E4263885E7009A7D42;
			remoteInfo = CIrlceCIPOC;
		};
		6AACB607263885EA009A7D42 /* PBXContainerItemProxy */ = {
			isa = PBXContainerItemProxy;
			containerPortal = 6AACB5DD263885E7009A7D42 /* Project object */;
			proxyType = 1;
			remoteGlobalIDString = 6AACB5E4263885E7009A7D42;
			remoteInfo = CIrlceCIPOC;
		};
/* End PBXContainerItemProxy section */

/* Begin PBXFileReference section */
		6AACB5E5263885E7009A7D42 /* CIrlceCIPOC.app */ = {isa = PBXFileReference; explicitFileType = wrapper.application; includeInIndex = 0; path = CIrlceCIPOC.app; sourceTree = BUILT_PRODUCTS_DIR; };
		6AACB5E8263885E7009A7D42 /* AppDelegate.swift */ = {isa = PBXFileReference; lastKnownFileType = sourcecode.swift; path = AppDelegate.swift; sourceTree = "<group>"; };
		6AACB5EA263885E7009A7D42 /* SceneDelegate.swift */ = {isa = PBXFileReference; lastKnownFileType = sourcecode.swift; path = SceneDelegate.swift; sourceTree = "<group>"; };
		6AACB5EC263885E7009A7D42 /* ViewController.swift */ = {isa = PBXFileReference; lastKnownFileType = sourcecode.swift; path = ViewController.swift; sourceTree = "<group>"; };
		6AACB5EF263885E7009A7D42 /* Base */ = {isa = PBXFileReference; lastKnownFileType = file.storyboard; name = Base; path = Base.lproj/Main.storyboard; sourceTree = "<group>"; };
		6AACB5F1263885E9009A7D42 /* Assets.xcassets */ = {isa = PBXFileReference; lastKnownFileType = folder.assetcatalog; path = Assets.xcassets; sourceTree = "<group>"; };
		6AACB5F4263885E9009A7D42 /* Base */ = {isa = PBXFileReference; lastKnownFileType = file.storyboard; name = Base; path = Base.lproj/LaunchScreen.storyboard; sourceTree = "<group>"; };
		6AACB5F6263885E9009A7D42 /* Info.plist */ = {isa = PBXFileReference; lastKnownFileType = text.plist.xml; path = Info.plist; sourceTree = "<group>"; };
		6AACB5FB263885EA009A7D42 /* CIrlceCIPOCTests.xctest */ = {isa = PBXFileReference; explicitFileType = wrapper.cfbundle; includeInIndex = 0; path = CIrlceCIPOCTests.xctest; sourceTree = BUILT_PRODUCTS_DIR; };
		6AACB5FF263885EA009A7D42 /* CIrlceCIPOCTests.swift */ = {isa = PBXFileReference; lastKnownFileType = sourcecode.swift; path = CIrlceCIPOCTests.swift; sourceTree = "<group>"; };
		6AACB601263885EA009A7D42 /* Info.plist */ = {isa = PBXFileReference; lastKnownFileType = text.plist.xml; path = Info.plist; sourceTree = "<group>"; };
		6AACB606263885EA009A7D42 /* CIrlceCIPOCUITests.xctest */ = {isa = PBXFileReference; explicitFileType = wrapper.cfbundle; includeInIndex = 0; path = CIrlceCIPOCUITests.xctest; sourceTree = BUILT_PRODUCTS_DIR; };
		6AACB60A263885EA009A7D42 /* CIrlceCIPOCUITests.swift */ = {isa = PBXFileReference; lastKnownFileType = sourcecode.swift; path = CIrlceCIPOCUITests.swift; sourceTree = "<group>"; };
		6AACB60C263885EA009A7D42 /* Info.plist */ = {isa = PBXFileReference; lastKnownFileType = text.plist.xml; path = Info.plist; sourceTree = "<group>"; };
/* End PBXFileReference section */

/* Begin PBXFrameworksBuildPhase section */
		6AACB5E2263885E7009A7D42 /* Frameworks */ = {
			isa = PBXFrameworksBuildPhase;
			buildActionMask = 2147483647;
			files = (
			);
			runOnlyForDeploymentPostprocessing = 0;
		};
		6AACB5F8263885EA009A7D42 /* Frameworks */ = {
			isa = PBXFrameworksBuildPhase;
			buildActionMask = 2147483647;
			files = (
			);
			runOnlyForDeploymentPostprocessing = 0;
		};
		6AACB603263885EA009A7D42 /* Frameworks */ = {
			isa = PBXFrameworksBuildPhase;
			buildActionMask = 2147483647;
			files = (
			);
			runOnlyForDeploymentPostprocessing = 0;
		};
/* End PBXFrameworksBuildPhase section */

/* Begin PBXGroup section */
		6AACB5DC263885E7009A7D42 = {
			isa = PBXGroup;
			children = (
				6AACB5E7263885E7009A7D42 /* CIrlceCIPOC */,
				6AACB5FE263885EA009A7D42 /* CIrlceCIPOCTests */,
				6AACB609263885EA009A7D42 /* CIrlceCIPOCUITests */,
				6AACB5E6263885E7009A7D42 /* Products */,
			);
			sourceTree = "<group>";
		};
		6AACB5E6263885E7009A7D42 /* Products */ = {
			isa = PBXGroup;
			children = (
				6AACB5E5263885E7009A7D42 /* CIrlceCIPOC.app */,
				6AACB5FB263885EA009A7D42 /* CIrlceCIPOCTests.xctest */,
				6AACB606263885EA009A7D42 /* CIrlceCIPOCUITests.xctest */,
			);
			name = Products;
			sourceTree = "<group>";
		};
		6AACB5E7263885E7009A7D42 /* CIrlceCIPOC */ = {
			isa = PBXGroup;
			children = (
				6AACB5E8263885E7009A7D42 /* AppDelegate.swift */,
				6AACB5EA263885E7009A7D42 /* SceneDelegate.swift */,
				6AACB5EC263885E7009A7D42 /* ViewController.swift */,
				6AACB5EE263885E7009A7D42 /* Main.storyboard */,
				6AACB5F1263885E9009A7D42 /* Assets.xcassets */,
				6AACB5F3263885E9009A7D42 /* LaunchScreen.storyboard */,
				6AACB5F6263885E9009A7D42 /* Info.plist */,
			);
			path = CIrlceCIPOC;
			sourceTree = "<group>";
		};
		6AACB5FE263885EA009A7D42 /* CIrlceCIPOCTests */ = {
			isa = PBXGroup;
			children = (
				6AACB5FF263885EA009A7D42 /* CIrlceCIPOCTests.swift */,
				6AACB601263885EA009A7D42 /* Info.plist */,
			);
			path = CIrlceCIPOCTests;
			sourceTree = "<group>";
		};
		6AACB609263885EA009A7D42 /* CIrlceCIPOCUITests */ = {
			isa = PBXGroup;
			children = (
				6AACB60A263885EA009A7D42 /* CIrlceCIPOCUITests.swift */,
				6AACB60C263885EA009A7D42 /* Info.plist */,
			);
			path = CIrlceCIPOCUITests;
			sourceTree = "<group>";
		};
/* End PBXGroup section */

/* Begin PBXNativeTarget section */
		6AACB5E4263885E7009A7D42 /* CIrlceCIPOC */ = {
			isa = PBXNativeTarget;
			buildConfigurationList = 6AACB60F263885EA009A7D42 /* Build configuration list for PBXNativeTarget "CIrlceCIPOC" */;
			buildPhases = (
				6AACB5E1263885E7009A7D42 /* Sources */,
				6AACB5E2263885E7009A7D42 /* Frameworks */,
				6AACB5E3263885E7009A7D42 /* Resources */,
			);
			buildRules = (
			);
			dependencies = (
			);
			name = CIrlceCIPOC;
			productName = CIrlceCIPOC;
			productReference = 6AACB5E5263885E7009A7D42 /* CIrlceCIPOC.app */;
			productType = "com.apple.product-type.application";
		};
		6AACB5FA263885EA009A7D42 /* CIrlceCIPOCTests */ = {
			isa = PBXNativeTarget;
			buildConfigurationList = 6AACB612263885EA009A7D42 /* Build configuration list for PBXNativeTarget "CIrlceCIPOCTests" */;
			buildPhases = (
				6AACB5F7263885EA009A7D42 /* Sources */,
				6AACB5F8263885EA009A7D42 /* Frameworks */,
				6AACB5F9263885EA009A7D42 /* Resources */,
			);
			buildRules = (
			);
			dependencies = (
				6AACB5FD263885EA009A7D42 /* PBXTargetDependency */,
			);
			name = CIrlceCIPOCTests;
			productName = CIrlceCIPOCTests;
			productReference = 6AACB5FB263885EA009A7D42 /* CIrlceCIPOCTests.xctest */;
			productType = "com.apple.product-type.bundle.unit-test";
		};
		6AACB605263885EA009A7D42 /* CIrlceCIPOCUITests */ = {
			isa = PBXNativeTarget;
			buildConfigurationList = 6AACB615263885EA009A7D42 /* Build configuration list for PBXNativeTarget "CIrlceCIPOCUITests" */;
			buildPhases = (
				6AACB602263885EA009A7D42 /* Sources */,
				6AACB603263885EA009A7D42 /* Frameworks */,
				6AACB604263885EA009A7D42 /* Resources */,
			);
			buildRules = (
			);
			dependencies = (
				6AACB608263885EA009A7D42 /* PBXTargetDependency */,
			);
			name = CIrlceCIPOCUITests;
			productName = CIrlceCIPOCUITests;
			productReference = 6AACB606263885EA009A7D42 /* CIrlceCIPOCUITests.xctest */;
			productType = "com.apple.product-type.bundle.ui-testing";
		};
/* End PBXNativeTarget section */

/* Begin PBXProject section */
		6AACB5DD263885E7009A7D42 /* Project object */ = {
			isa = PBXProject;
			attributes = {
				LastSwiftUpdateCheck = 1140;
				LastUpgradeCheck = 1140;
				ORGANIZATIONNAME = "Motiv Ate Fitness";
				TargetAttributes = {
					6AACB5E4263885E7009A7D42 = {
						CreatedOnToolsVersion = 11.4.1;
					};
					6AACB5FA263885EA009A7D42 = {
						CreatedOnToolsVersion = 11.4.1;
						TestTargetID = 6AACB5E4263885E7009A7D42;
					};
					6AACB605263885EA009A7D42 = {
						CreatedOnToolsVersion = 11.4.1;
						TestTargetID = 6AACB5E4263885E7009A7D42;
					};
				};
			};
			buildConfigurationList = 6AACB5E0263885E7009A7D42 /* Build configuration list for PBXProject "CIrlceCIPOC" */;
			compatibilityVersion = "Xcode 9.3";
			developmentRegion = en;
			hasScannedForEncodings = 0;
			knownRegions = (
				en,
				Base,
			);
			mainGroup = 6AACB5DC263885E7009A7D42;
			productRefGroup = 6AACB5E6263885E7009A7D42 /* Products */;
			projectDirPath = "";
			projectRoot = "";
			targets = (
				6AACB5E4263885E7009A7D42 /* CIrlceCIPOC */,
				6AACB5FA263885EA009A7D42 /* CIrlceCIPOCTests */,
				6AACB605263885EA009A7D42 /* CIrlceCIPOCUITests */,
			);
		};
/* End PBXProject section */

/* Begin PBXResourcesBuildPhase section */
		6AACB5E3263885E7009A7D42 /* Resources */ = {
			isa = PBXResourcesBuildPhase;
			buildActionMask = 2147483647;
			files = (
				6AACB5F5263885E9009A7D42 /* LaunchScreen.storyboard in Resources */,
				6AACB5F2263885E9009A7D42 /* Assets.xcassets in Resources */,
				6AACB5F0263885E7009A7D42 /* Main.storyboard in Resources */,
			);
			runOnlyForDeploymentPostprocessing = 0;
		};
		6AACB5F9263885EA009A7D42 /* Resources */ = {
			isa = PBXResourcesBuildPhase;
			buildActionMask = 2147483647;
			files = (
			);
			runOnlyForDeploymentPostprocessing = 0;
		};
		6AACB604263885EA009A7D42 /* Resources */ = {
			isa = PBXResourcesBuildPhase;
			buildActionMask = 2147483647;
			files = (
			);
			runOnlyForDeploymentPostprocessing = 0;
		};
/* End PBXResourcesBuildPhase section */

/* Begin PBXSourcesBuildPhase section */
		6AACB5E1263885E7009A7D42 /* Sources */ = {
			isa = PBXSourcesBuildPhase;
			buildActionMask = 2147483647;
			files = (
				6AACB5ED263885E7009A7D42 /* ViewController.swift in Sources */,
				6AACB5E9263885E7009A7D42 /* AppDelegate.swift in Sources */,
				6AACB5EB263885E7009A7D42 /* SceneDelegate.swift in Sources */,
			);
			runOnlyForDeploymentPostprocessing = 0;
		};
		6AACB5F7263885EA009A7D42 /* Sources */ = {
			isa = PBXSourcesBuildPhase;
			buildActionMask = 2147483647;
			files = (
				6AACB600263885EA009A7D42 /* CIrlceCIPOCTests.swift in Sources */,
			);
			runOnlyForDeploymentPostprocessing = 0;
		};
		6AACB602263885EA009A7D42 /* Sources */ = {
			isa = PBXSourcesBuildPhase;
			buildActionMask = 2147483647;
			files = (
				6AACB60B263885EA009A7D42 /* CIrlceCIPOCUITests.swift in Sources */,
			);
			runOnlyForDeploymentPostprocessing = 0;
		};
/* End PBXSourcesBuildPhase section */

/* Begin PBXTargetDependency section */
		6AACB5FD263885EA009A7D42 /* PBXTargetDependency */ = {
			isa = PBXTargetDependency;
			target = 6AACB5E4263885E7009A7D42 /* CIrlceCIPOC */;
			targetProxy = 6AACB5FC263885EA009A7D42 /* PBXContainerItemProxy */;
		};
		6AACB608263885EA009A7D42 /* PBXTargetDependency */ = {
			isa = PBXTargetDependency;
			target = 6AACB5E4263885E7009A7D42 /* CIrlceCIPOC */;
			targetProxy = 6AACB607263885EA009A7D42 /* PBXContainerItemProxy */;
		};
/* End PBXTargetDependency section */

/* Begin PBXVariantGroup section */
		6AACB5EE263885E7009A7D42 /* Main.storyboard */ = {
			isa = PBXVariantGroup;
			children = (
				6AACB5EF263885E7009A7D42 /* Base */,
			);
			name = Main.storyboard;
			sourceTree = "<group>";
		};
		6AACB5F3263885E9009A7D42 /* LaunchScreen.storyboard */ = {
			isa = PBXVariantGroup;
			children = (
				6AACB5F4263885E9009A7D42 /* Base */,
			);
			name = LaunchScreen.storyboard;
			sourceTree = "<group>";
		};
/* End PBXVariantGroup section */

/* Begin XCBuildConfiguration section */
		6AACB60D263885EA009A7D42 /* Debug */ = {
			isa = XCBuildConfiguration;
			buildSettings = {
				ALWAYS_SEARCH_USER_PATHS = NO;
				CLANG_ANALYZER_NONNULL = YES;
				CLANG_ANALYZER_NUMBER_OBJECT_CONVERSION = YES_AGGRESSIVE;
				CLANG_CXX_LANGUAGE_STANDARD = "gnu++14";
				CLANG_CXX_LIBRARY = "libc++";
				CLANG_ENABLE_MODULES = YES;
				CLANG_ENABLE_OBJC_ARC = YES;
				CLANG_ENABLE_OBJC_WEAK = YES;
				CLANG_WARN_BLOCK_CAPTURE_AUTORELEASING = YES;
				CLANG_WARN_BOOL_CONVERSION = YES;
				CLANG_WARN_COMMA = YES;
				CLANG_WARN_CONSTANT_CONVERSION = YES;
				CLANG_WARN_DEPRECATED_OBJC_IMPLEMENTATIONS = YES;
				CLANG_WARN_DIRECT_OBJC_ISA_USAGE = YES_ERROR;
				CLANG_WARN_DOCUMENTATION_COMMENTS = YES;
				CLANG_WARN_EMPTY_BODY = YES;
				CLANG_WARN_ENUM_CONVERSION = YES;
				CLANG_WARN_INFINITE_RECURSION = YES;
				CLANG_WARN_INT_CONVERSION = YES;
				CLANG_WARN_NON_LITERAL_NULL_CONVERSION = YES;
				CLANG_WARN_OBJC_IMPLICIT_RETAIN_SELF = YES;
				CLANG_WARN_OBJC_LITERAL_CONVERSION = YES;
				CLANG_WARN_OBJC_ROOT_CLASS = YES_ERROR;
				CLANG_WARN_RANGE_LOOP_ANALYSIS = YES;
				CLANG_WARN_STRICT_PROTOTYPES = YES;
				CLANG_WARN_SUSPICIOUS_MOVE = YES;
				CLANG_WARN_UNGUARDED_AVAILABILITY = YES_AGGRESSIVE;
				CLANG_WARN_UNREACHABLE_CODE = YES;
				CLANG_WARN__DUPLICATE_METHOD_MATCH = YES;
				COPY_PHASE_STRIP = NO;
				DEBUG_INFORMATION_FORMAT = dwarf;
				ENABLE_STRICT_OBJC_MSGSEND = YES;
				ENABLE_TESTABILITY = YES;
				GCC_C_LANGUAGE_STANDARD = gnu11;
				GCC_DYNAMIC_NO_PIC = NO;
				GCC_NO_COMMON_BLOCKS = YES;
				GCC_OPTIMIZATION_LEVEL = 0;
				GCC_PREPROCESSOR_DEFINITIONS = (
					"DEBUG=1",
					"$(inherited)",
				);
				GCC_WARN_64_TO_32_BIT_CONVERSION = YES;
				GCC_WARN_ABOUT_RETURN_TYPE = YES_ERROR;
				GCC_WARN_UNDECLARED_SELECTOR = YES;
				GCC_WARN_UNINITIALIZED_AUTOS = YES_AGGRESSIVE;
				GCC_WARN_UNUSED_FUNCTION = YES;
				GCC_WARN_UNUSED_VARIABLE = YES;
				IPHONEOS_DEPLOYMENT_TARGET = 13.4;
				MTL_ENABLE_DEBUG_INFO = INCLUDE_SOURCE;
				MTL_FAST_MATH = YES;
				ONLY_ACTIVE_ARCH = YES;
				SDKROOT = iphoneos;
				SWIFT_ACTIVE_COMPILATION_CONDITIONS = DEBUG;
				SWIFT_OPTIMIZATION_LEVEL = "-Onone";
			};
			name = Debug;
		};
		6AACB60E263885EA009A7D42 /* Release */ = {
			isa = XCBuildConfiguration;
			buildSettings = {
				ALWAYS_SEARCH_USER_PATHS = NO;
				CLANG_ANALYZER_NONNULL = YES;
				CLANG_ANALYZER_NUMBER_OBJECT_CONVERSION = YES_AGGRESSIVE;
				CLANG_CXX_LANGUAGE_STANDARD = "gnu++14";
				CLANG_CXX_LIBRARY = "libc++";
				CLANG_ENABLE_MODULES = YES;
				CLANG_ENABLE_OBJC_ARC = YES;
				CLANG_ENABLE_OBJC_WEAK = YES;
				CLANG_WARN_BLOCK_CAPTURE_AUTORELEASING = YES;
				CLANG_WARN_BOOL_CONVERSION = YES;
				CLANG_WARN_COMMA = YES;
				CLANG_WARN_CONSTANT_CONVERSION = YES;
				CLANG_WARN_DEPRECATED_OBJC_IMPLEMENTATIONS = YES;
				CLANG_WARN_DIRECT_OBJC_ISA_USAGE = YES_ERROR;
				CLANG_WARN_DOCUMENTATION_COMMENTS = YES;
				CLANG_WARN_EMPTY_BODY = YES;
				CLANG_WARN_ENUM_CONVERSION = YES;
				CLANG_WARN_INFINITE_RECURSION = YES;
				CLANG_WARN_INT_CONVERSION = YES;
				CLANG_WARN_NON_LITERAL_NULL_CONVERSION = YES;
				CLANG_WARN_OBJC_IMPLICIT_RETAIN_SELF = YES;
				CLANG_WARN_OBJC_LITERAL_CONVERSION = YES;
				CLANG_WARN_OBJC_ROOT_CLASS = YES_ERROR;
				CLANG_WARN_RANGE_LOOP_ANALYSIS = YES;
				CLANG_WARN_STRICT_PROTOTYPES = YES;
				CLANG_WARN_SUSPICIOUS_MOVE = YES;
				CLANG_WARN_UNGUARDED_AVAILABILITY = YES_AGGRESSIVE;
				CLANG_WARN_UNREACHABLE_CODE = YES;
				CLANG_WARN__DUPLICATE_METHOD_MATCH = YES;
				COPY_PHASE_STRIP = NO;
				DEBUG_INFORMATION_FORMAT = "dwarf-with-dsym";
				ENABLE_NS_ASSERTIONS = NO;
				ENABLE_STRICT_OBJC_MSGSEND = YES;
				GCC_C_LANGUAGE_STANDARD = gnu11;
				GCC_NO_COMMON_BLOCKS = YES;
				GCC_WARN_64_TO_32_BIT_CONVERSION = YES;
				GCC_WARN_ABOUT_RETURN_TYPE = YES_ERROR;
				GCC_WARN_UNDECLARED_SELECTOR = YES;
				GCC_WARN_UNINITIALIZED_AUTOS = YES_AGGRESSIVE;
				GCC_WARN_UNUSED_FUNCTION = YES;
				GCC_WARN_UNUSED_VARIABLE = YES;
				IPHONEOS_DEPLOYMENT_TARGET = 13.4;
				MTL_ENABLE_DEBUG_INFO = NO;
				MTL_FAST_MATH = YES;
				SDKROOT = iphoneos;
				SWIFT_COMPILATION_MODE = wholemodule;
				SWIFT_OPTIMIZATION_LEVEL = "-O";
				VALIDATE_PRODUCT = YES;
			};
			name = Release;
		};
		6AACB610263885EA009A7D42 /* Debug */ = {
			isa = XCBuildConfiguration;
			buildSettings = {
				ASSETCATALOG_COMPILER_APPICON_NAME = AppIcon;
				CODE_SIGN_STYLE = Automatic;
				DEVELOPMENT_TEAM = HB7U37F739;
				INFOPLIST_FILE = CIrlceCIPOC/Info.plist;
				LD_RUNPATH_SEARCH_PATHS = (
					"$(inherited)",
					"@executable_path/Frameworks",
				);
				PRODUCT_BUNDLE_IDENTIFIER = com.motivate.fit.CIrlceCIPOC;
				PRODUCT_NAME = "$(TARGET_NAME)";
				SWIFT_VERSION = 5.0;
				TARGETED_DEVICE_FAMILY = "1,2";
			};
			name = Debug;
		};
		6AACB611263885EA009A7D42 /* Release */ = {
			isa = XCBuildConfiguration;
			buildSettings = {
				ASSETCATALOG_COMPILER_APPICON_NAME = AppIcon;
				CODE_SIGN_STYLE = Automatic;
				DEVELOPMENT_TEAM = HB7U37F739;
				INFOPLIST_FILE = CIrlceCIPOC/Info.plist;
				LD_RUNPATH_SEARCH_PATHS = (
					"$(inherited)",
					"@executable_path/Frameworks",
				);
				PRODUCT_BUNDLE_IDENTIFIER = com.motivate.fit.CIrlceCIPOC;
				PRODUCT_NAME = "$(TARGET_NAME)";
				SWIFT_VERSION = 5.0;
				TARGETED_DEVICE_FAMILY = "1,2";
			};
			name = Release;
		};
		6AACB613263885EA009A7D42 /* Debug */ = {
			isa = XCBuildConfiguration;
			buildSettings = {
				ALWAYS_EMBED_SWIFT_STANDARD_LIBRARIES = YES;
				BUNDLE_LOADER = "$(TEST_HOST)";
				CODE_SIGN_STYLE = Automatic;
				DEVELOPMENT_TEAM = HB7U37F739;
				INFOPLIST_FILE = CIrlceCIPOCTests/Info.plist;
				IPHONEOS_DEPLOYMENT_TARGET = 13.4;
				LD_RUNPATH_SEARCH_PATHS = (
					"$(inherited)",
					"@executable_path/Frameworks",
					"@loader_path/Frameworks",
				);
				PRODUCT_BUNDLE_IDENTIFIER = com.motivate.fit.CIrlceCIPOCTests;
				PRODUCT_NAME = "$(TARGET_NAME)";
				SWIFT_VERSION = 5.0;
				TARGETED_DEVICE_FAMILY = "1,2";
				TEST_HOST = "$(BUILT_PRODUCTS_DIR)/CIrlceCIPOC.app/CIrlceCIPOC";
			};
			name = Debug;
		};
		6AACB614263885EA009A7D42 /* Release */ = {
			isa = XCBuildConfiguration;
			buildSettings = {
				ALWAYS_EMBED_SWIFT_STANDARD_LIBRARIES = YES;
				BUNDLE_LOADER = "$(TEST_HOST)";
				CODE_SIGN_STYLE = Automatic;
				DEVELOPMENT_TEAM = HB7U37F739;
				INFOPLIST_FILE = CIrlceCIPOCTests/Info.plist;
				IPHONEOS_DEPLOYMENT_TARGET = 13.4;
				LD_RUNPATH_SEARCH_PATHS = (
					"$(inherited)",
					"@executable_path/Frameworks",
					"@loader_path/Frameworks",
				);
				PRODUCT_BUNDLE_IDENTIFIER = com.motivate.fit.CIrlceCIPOCTests;
				PRODUCT_NAME = "$(TARGET_NAME)";
				SWIFT_VERSION = 5.0;
				TARGETED_DEVICE_FAMILY = "1,2";
				TEST_HOST = "$(BUILT_PRODUCTS_DIR)/CIrlceCIPOC.app/CIrlceCIPOC";
			};
			name = Release;
		};
		6AACB616263885EA009A7D42 /* Debug */ = {
			isa = XCBuildConfiguration;
			buildSettings = {
				ALWAYS_EMBED_SWIFT_STANDARD_LIBRARIES = YES;
				CODE_SIGN_STYLE = Automatic;
				DEVELOPMENT_TEAM = HB7U37F739;
				INFOPLIST_FILE = CIrlceCIPOCUITests/Info.plist;
				LD_RUNPATH_SEARCH_PATHS = (
					"$(inherited)",
					"@executable_path/Frameworks",
					"@loader_path/Frameworks",
				);
				PRODUCT_BUNDLE_IDENTIFIER = com.motivate.fit.CIrlceCIPOCUITests;
				PRODUCT_NAME = "$(TARGET_NAME)";
				SWIFT_VERSION = 5.0;
				TARGETED_DEVICE_FAMILY = "1,2";
				TEST_TARGET_NAME = CIrlceCIPOC;
			};
			name = Debug;
		};
		6AACB617263885EA009A7D42 /* Release */ = {
			isa = XCBuildConfiguration;
			buildSettings = {
				ALWAYS_EMBED_SWIFT_STANDARD_LIBRARIES = YES;
				CODE_SIGN_STYLE = Automatic;
				DEVELOPMENT_TEAM = HB7U37F739;
				INFOPLIST_FILE = CIrlceCIPOCUITests/Info.plist;
				LD_RUNPATH_SEARCH_PATHS = (
					"$(inherited)",
					"@executable_path/Frameworks",
					"@loader_path/Frameworks",
				);
				PRODUCT_BUNDLE_IDENTIFIER = com.motivate.fit.CIrlceCIPOCUITests;
				PRODUCT_NAME = "$(TARGET_NAME)";
				SWIFT_VERSION = 5.0;
				TARGETED_DEVICE_FAMILY = "1,2";
				TEST_TARGET_NAME = CIrlceCIPOC;
			};
			name = Release;
		};
/* End XCBuildConfiguration section */

/* Begin XCConfigurationList section */
		6AACB5E0263885E7009A7D42 /* Build configuration list for PBXProject "CIrlceCIPOC" */ = {
			isa = XCConfigurationList;
			buildConfigurations = (
				6AACB60D263885EA009A7D42 /* Debug */,
				6AACB60E263885EA009A7D42 /* Release */,
			);
			defaultConfigurationIsVisible = 0;
			defaultConfigurationName = Release;
		};
		6AACB60F263885EA009A7D42 /* Build configuration list for PBXNativeTarget "CIrlceCIPOC" */ = {
			isa = XCConfigurationList;
			buildConfigurations = (
				6AACB610263885EA009A7D42 /* Debug */,
				6AACB611263885EA009A7D42 /* Release */,
			);
			defaultConfigurationIsVisible = 0;
			defaultConfigurationName = Release;
		};
		6AACB612263885EA009A7D42 /* Build configuration list for PBXNativeTarget "CIrlceCIPOCTests" */ = {
			isa = XCConfigurationList;
			buildConfigurations = (
				6AACB613263885EA009A7D42 /* Debug */,
				6AACB614263885EA009A7D42 /* Release */,
			);
			defaultConfigurationIsVisible = 0;
			defaultConfigurationName = Release;
		};
		6AACB615263885EA009A7D42 /* Build configuration list for PBXNativeTarget "CIrlceCIPOCUITests" */ = {
			isa = XCConfigurationList;
			buildConfigurations = (
				6AACB616263885EA009A7D42 /* Debug */,
				6AACB617263885EA009A7D42 /* Release */,
			);
			defaultConfigurationIsVisible = 0;
			defaultConfigurationName = Release;
		};
/* End XCConfigurationList section */
	};
	rootObject = 6AACB5DD263885E7009A7D42 /* Project object */;
}
